
Microsoft Visual Studio Solution File, Format Version 12.00
# Visual Studio Version 17
VisualStudioVersion = 17.1.32407.343
MinimumVisualStudioVersion = 10.0.40219.1
Project("{9A19103F-16F7-4668-BE54-9A1E7A4F7556}") = "myfinance-web-netcore", "myfinance-web-netcore\myfinance-web-netcore.csproj", "{E51CCBAD-736E-4FF5-8FC3-0AD3D4CD2B0F}"
EndProject
Project("{9A19103F-16F7-4668-BE54-9A1E7A4F7556}") = "myfinance-web-xunit", "myfinance-web-xunit\myfinance-web-xunit.csproj", "{74B49265-EAF1-4628-9A9D-8B17AC59D451}"
EndProject
Global
	GlobalSection(SolutionConfigurationPlatforms) = preSolution
		Debug|Any CPU = Debug|Any CPU
		Release|Any CPU = Release|Any CPU
	EndGlobalSection
	GlobalSection(ProjectConfigurationPlatforms) = postSolution
		{E51CCBAD-736E-4FF5-8FC3-0AD3D4CD2B0F}.Debug|Any CPU.ActiveCfg = Debug|Any CPU
		{E51CCBAD-736E-4FF5-8FC3-0AD3D4CD2B0F}.Debug|Any CPU.Build.0 = Debug|Any CPU
		{E51CCBAD-736E-4FF5-8FC3-0AD3D4CD2B0F}.Release|Any CPU.ActiveCfg = Release|Any CPU
		{E51CCBAD-736E-4FF5-8FC3-0AD3D4CD2B0F}.Release|Any CPU.Build.0 = Release|Any CPU
		{74B49265-EAF1-4628-9A9D-8B17AC59D451}.Debug|Any CPU.ActiveCfg = Debug|Any CPU
		{74B49265-EAF1-4628-9A9D-8B17AC59D451}.Debug|Any CPU.Build.0 = Debug|Any CPU
		{74B49265-EAF1-4628-9A9D-8B17AC59D451}.Release|Any CPU.ActiveCfg = Release|Any CPU
		{74B49265-EAF1-4628-9A9D-8B17AC59D451}.Release|Any CPU.Build.0 = Release|Any CPU
	EndGlobalSection
	GlobalSection(SolutionProperties) = preSolution
		HideSolutionNode = FALSE
	EndGlobalSection
	GlobalSection(ExtensibilityGlobals) = postSolution
		SolutionGuid = {F1701759-151F-4C63-BFFF-10F70890EC10}
	EndGlobalSection
EndGlobal
